
Microsoft Visual Studio Solution File, Format Version 12.00
# Visual Studio Version 17
VisualStudioVersion = 17.0.31903.59
MinimumVisualStudioVersion = 10.0.40219.1
Project("{2150E333-8FDC-42A3-9474-1A3956D46DE8}") = "src", "src", "{827E0CD3-B72D-47B6-A68D-7590B98EB39B}"
EndProject
Project("{FAE04EC0-301F-11D3-BF4B-00C04F79EFBC}") = "Encore.Api", "src\Encore.Api\Encore.Api.csproj", "{567E9D55-FA87-44B4-B42F-FB5C4C886D58}"
EndProject
Project("{FAE04EC0-301F-11D3-BF4B-00C04F79EFBC}") = "Encore.Modules.Catalog", "src\Encore.Modules.Catalog\Encore.Modules.Catalog.csproj", "{99D25F77-62AB-41E5-9CF4-4931BC83A6C4}"
EndProject
Project("{FAE04EC0-301F-11D3-BF4B-00C04F79EFBC}") = "Encore.Shared", "src\Encore.Shared\Encore.Shared.csproj", "{352AC8C3-12A1-4C34-9488-56335ECD6C39}"
EndProject
Project("{FAE04EC0-301F-11D3-BF4B-00C04F79EFBC}") = "Encore.Modules.Inventory", "src\Encore.Modules.Inventory\Encore.Modules.Inventory.csproj", "{CEED3019-96AC-4DF4-903D-5B17CD13A379}"
EndProject
Project("{FAE04EC0-301F-11D3-BF4B-00C04F79EFBC}") = "Encore.Modules.Inventory.Domain", "src\Encore.Modules.Inventory.Domain\Encore.Modules.Inventory.Domain.csproj", "{F2F1850E-75E4-433E-8824-4A4686150367}"
EndProject
Project("{FAE04EC0-301F-11D3-BF4B-00C04F79EFBC}") = "Encore.Modules.Orders", "src\Encore.Modules.Orders\Encore.Modules.Orders.csproj", "{C3E6B2F4-5944-4635-AF96-EDA49BB4BA6C}"
EndProject
Project("{FAE04EC0-301F-11D3-BF4B-00C04F79EFBC}") = "Encore.Modules.Payments", "src\Encore.Modules.Payments\Encore.Modules.Payments.csproj", "{9CC1A6F1-F12A-4465-B38D-B9C50A3B6AF4}"
EndProject
Project("{2150E333-8FDC-42A3-9474-1A3956D46DE8}") = "tests", "tests", "{0AB3BF05-4346-4AA6-1389-037BE0695223}"
EndProject
Project("{FAE04EC0-301F-11D3-BF4B-00C04F79EFBC}") = "Encore.Modules.Inventory.IntegrationTests", "tests\Encore.Modules.Inventory.IntegrationTests\Encore.Modules.Inventory.IntegrationTests.csproj", "{C1869660-F5F8-484F-9B7D-6CBE342037E4}"
EndProject
Project("{FAE04EC0-301F-11D3-BF4B-00C04F79EFBC}") = "Encore.Modules.Inventory.UnitTests", "tests\Encore.Modules.Inventory.UnitTests\Encore.Modules.Inventory.UnitTests.csproj", "{2B3B022F-2DA5-408B-AF22-54D0C0EC7DC6}"
EndProject
Project("{FAE04EC0-301F-11D3-BF4B-00C04F79EFBC}") = "Encore.Modules.Inventory.Contracts", "src\Encore.Modules.Inventory.Contracts\Encore.Modules.Inventory.Contracts.csproj", "{CB795418-F6BD-4BEF-BCDD-A48561EB220E}"
EndProject
Project("{FAE04EC0-301F-11D3-BF4B-00C04F79EFBC}") = "Encore.Modules.Catalog.IntegrationTests", "tests\Encore.Modules.Catalog.IntegrationTests\Encore.Modules.Catalog.IntegrationTests.csproj", "{EBA57B1C-21F7-4397-869D-194803431504}"
EndProject
Project("{FAE04EC0-301F-11D3-BF4B-00C04F79EFBC}") = "Encore.Modules.Catalog.Contracts", "src\Encore.Modules.Catalog.Contracts\Encore.Modules.Catalog.Contracts.csproj", "{2877BD23-7974-47AB-934D-94503DE44DA4}"
EndProject
Project("{FAE04EC0-301F-11D3-BF4B-00C04F79EFBC}") = "Encore.Modules.Orders.IntegrationTests", "tests\Encore.Modules.Orders.IntegrationTests\Encore.Modules.Orders.IntegrationTests.csproj", "{A92BCA77-7400-4706-A163-050C82424480}"
EndProject
Global
	GlobalSection(SolutionConfigurationPlatforms) = preSolution
		Debug|Any CPU = Debug|Any CPU
		Debug|x64 = Debug|x64
		Debug|x86 = Debug|x86
		Release|Any CPU = Release|Any CPU
		Release|x64 = Release|x64
		Release|x86 = Release|x86
	EndGlobalSection
	GlobalSection(ProjectConfigurationPlatforms) = postSolution
		{567E9D55-FA87-44B4-B42F-FB5C4C886D58}.Debug|Any CPU.ActiveCfg = Debug|Any CPU
		{567E9D55-FA87-44B4-B42F-FB5C4C886D58}.Debug|Any CPU.Build.0 = Debug|Any CPU
		{567E9D55-FA87-44B4-B42F-FB5C4C886D58}.Debug|x64.ActiveCfg = Debug|Any CPU
		{567E9D55-FA87-44B4-B42F-FB5C4C886D58}.Debug|x64.Build.0 = Debug|Any CPU
		{567E9D55-FA87-44B4-B42F-FB5C4C886D58}.Debug|x86.ActiveCfg = Debug|Any CPU
		{567E9D55-FA87-44B4-B42F-FB5C4C886D58}.Debug|x86.Build.0 = Debug|Any CPU
		{567E9D55-FA87-44B4-B42F-FB5C4C886D58}.Release|Any CPU.ActiveCfg = Release|Any CPU
		{567E9D55-FA87-44B4-B42F-FB5C4C886D58}.Release|Any CPU.Build.0 = Release|Any CPU
		{567E9D55-FA87-44B4-B42F-FB5C4C886D58}.Release|x64.ActiveCfg = Release|Any CPU
		{567E9D55-FA87-44B4-B42F-FB5C4C886D58}.Release|x64.Build.0 = Release|Any CPU
		{567E9D55-FA87-44B4-B42F-FB5C4C886D58}.Release|x86.ActiveCfg = Release|Any CPU
		{567E9D55-FA87-44B4-B42F-FB5C4C886D58}.Release|x86.Build.0 = Release|Any CPU
		{99D25F77-62AB-41E5-9CF4-4931BC83A6C4}.Debug|Any CPU.ActiveCfg = Debug|Any CPU
		{99D25F77-62AB-41E5-9CF4-4931BC83A6C4}.Debug|Any CPU.Build.0 = Debug|Any CPU
		{99D25F77-62AB-41E5-9CF4-4931BC83A6C4}.Debug|x64.ActiveCfg = Debug|Any CPU
		{99D25F77-62AB-41E5-9CF4-4931BC83A6C4}.Debug|x64.Build.0 = Debug|Any CPU
		{99D25F77-62AB-41E5-9CF4-4931BC83A6C4}.Debug|x86.ActiveCfg = Debug|Any CPU
		{99D25F77-62AB-41E5-9CF4-4931BC83A6C4}.Debug|x86.Build.0 = Debug|Any CPU
		{99D25F77-62AB-41E5-9CF4-4931BC83A6C4}.Release|Any CPU.ActiveCfg = Release|Any CPU
		{99D25F77-62AB-41E5-9CF4-4931BC83A6C4}.Release|Any CPU.Build.0 = Release|Any CPU
		{99D25F77-62AB-41E5-9CF4-4931BC83A6C4}.Release|x64.ActiveCfg = Release|Any CPU
		{99D25F77-62AB-41E5-9CF4-4931BC83A6C4}.Release|x64.Build.0 = Release|Any CPU
		{99D25F77-62AB-41E5-9CF4-4931BC83A6C4}.Release|x86.ActiveCfg = Release|Any CPU
		{99D25F77-62AB-41E5-9CF4-4931BC83A6C4}.Release|x86.Build.0 = Release|Any CPU
		{352AC8C3-12A1-4C34-9488-56335ECD6C39}.Debug|Any CPU.ActiveCfg = Debug|Any CPU
		{352AC8C3-12A1-4C34-9488-56335ECD6C39}.Debug|Any CPU.Build.0 = Debug|Any CPU
		{352AC8C3-12A1-4C34-9488-56335ECD6C39}.Debug|x64.ActiveCfg = Debug|Any CPU
		{352AC8C3-12A1-4C34-9488-56335ECD6C39}.Debug|x64.Build.0 = Debug|Any CPU
		{352AC8C3-12A1-4C34-9488-56335ECD6C39}.Debug|x86.ActiveCfg = Debug|Any CPU
		{352AC8C3-12A1-4C34-9488-56335ECD6C39}.Debug|x86.Build.0 = Debug|Any CPU
		{352AC8C3-12A1-4C34-9488-56335ECD6C39}.Release|Any CPU.ActiveCfg = Release|Any CPU
		{352AC8C3-12A1-4C34-9488-56335ECD6C39}.Release|Any CPU.Build.0 = Release|Any CPU
		{352AC8C3-12A1-4C34-9488-56335ECD6C39}.Release|x64.ActiveCfg = Release|Any CPU
		{352AC8C3-12A1-4C34-9488-56335ECD6C39}.Release|x64.Build.0 = Release|Any CPU
		{352AC8C3-12A1-4C34-9488-56335ECD6C39}.Release|x86.ActiveCfg = Release|Any CPU
		{352AC8C3-12A1-4C34-9488-56335ECD6C39}.Release|x86.Build.0 = Release|Any CPU
		{CEED3019-96AC-4DF4-903D-5B17CD13A379}.Debug|Any CPU.ActiveCfg = Debug|Any CPU
		{CEED3019-96AC-4DF4-903D-5B17CD13A379}.Debug|Any CPU.Build.0 = Debug|Any CPU
		{CEED3019-96AC-4DF4-903D-5B17CD13A379}.Debug|x64.ActiveCfg = Debug|Any CPU
		{CEED3019-96AC-4DF4-903D-5B17CD13A379}.Debug|x64.Build.0 = Debug|Any CPU
		{CEED3019-96AC-4DF4-903D-5B17CD13A379}.Debug|x86.ActiveCfg = Debug|Any CPU
		{CEED3019-96AC-4DF4-903D-5B17CD13A379}.Debug|x86.Build.0 = Debug|Any CPU
		{CEED3019-96AC-4DF4-903D-5B17CD13A379}.Release|Any CPU.ActiveCfg = Release|Any CPU
		{CEED3019-96AC-4DF4-903D-5B17CD13A379}.Release|Any CPU.Build.0 = Release|Any CPU
		{CEED3019-96AC-4DF4-903D-5B17CD13A379}.Release|x64.ActiveCfg = Release|Any CPU
		{CEED3019-96AC-4DF4-903D-5B17CD13A379}.Release|x64.Build.0 = Release|Any CPU
		{CEED3019-96AC-4DF4-903D-5B17CD13A379}.Release|x86.ActiveCfg = Release|Any CPU
		{CEED3019-96AC-4DF4-903D-5B17CD13A379}.Release|x86.Build.0 = Release|Any CPU
		{F2F1850E-75E4-433E-8824-4A4686150367}.Debug|Any CPU.ActiveCfg = Debug|Any CPU
		{F2F1850E-75E4-433E-8824-4A4686150367}.Debug|Any CPU.Build.0 = Debug|Any CPU
		{F2F1850E-75E4-433E-8824-4A4686150367}.Debug|x64.ActiveCfg = Debug|Any CPU
		{F2F1850E-75E4-433E-8824-4A4686150367}.Debug|x64.Build.0 = Debug|Any CPU
		{F2F1850E-75E4-433E-8824-4A4686150367}.Debug|x86.ActiveCfg = Debug|Any CPU
		{F2F1850E-75E4-433E-8824-4A4686150367}.Debug|x86.Build.0 = Debug|Any CPU
		{F2F1850E-75E4-433E-8824-4A4686150367}.Release|Any CPU.ActiveCfg = Release|Any CPU
		{F2F1850E-75E4-433E-8824-4A4686150367}.Release|Any CPU.Build.0 = Release|Any CPU
		{F2F1850E-75E4-433E-8824-4A4686150367}.Release|x64.ActiveCfg = Release|Any CPU
		{F2F1850E-75E4-433E-8824-4A4686150367}.Release|x64.Build.0 = Release|Any CPU
		{F2F1850E-75E4-433E-8824-4A4686150367}.Release|x86.ActiveCfg = Release|Any CPU
		{F2F1850E-75E4-433E-8824-4A4686150367}.Release|x86.Build.0 = Release|Any CPU
		{C3E6B2F4-5944-4635-AF96-EDA49BB4BA6C}.Debug|Any CPU.ActiveCfg = Debug|Any CPU
		{C3E6B2F4-5944-4635-AF96-EDA49BB4BA6C}.Debug|Any CPU.Build.0 = Debug|Any CPU
		{C3E6B2F4-5944-4635-AF96-EDA49BB4BA6C}.Debug|x64.ActiveCfg = Debug|Any CPU
		{C3E6B2F4-5944-4635-AF96-EDA49BB4BA6C}.Debug|x64.Build.0 = Debug|Any CPU
		{C3E6B2F4-5944-4635-AF96-EDA49BB4BA6C}.Debug|x86.ActiveCfg = Debug|Any CPU
		{C3E6B2F4-5944-4635-AF96-EDA49BB4BA6C}.Debug|x86.Build.0 = Debug|Any CPU
		{C3E6B2F4-5944-4635-AF96-EDA49BB4BA6C}.Release|Any CPU.ActiveCfg = Release|Any CPU
		{C3E6B2F4-5944-4635-AF96-EDA49BB4BA6C}.Release|Any CPU.Build.0 = Release|Any CPU
		{C3E6B2F4-5944-4635-AF96-EDA49BB4BA6C}.Release|x64.ActiveCfg = Release|Any CPU
		{C3E6B2F4-5944-4635-AF96-EDA49BB4BA6C}.Release|x64.Build.0 = Release|Any CPU
		{C3E6B2F4-5944-4635-AF96-EDA49BB4BA6C}.Release|x86.ActiveCfg = Release|Any CPU
		{C3E6B2F4-5944-4635-AF96-EDA49BB4BA6C}.Release|x86.Build.0 = Release|Any CPU
		{9CC1A6F1-F12A-4465-B38D-B9C50A3B6AF4}.Debug|Any CPU.ActiveCfg = Debug|Any CPU
		{9CC1A6F1-F12A-4465-B38D-B9C50A3B6AF4}.Debug|Any CPU.Build.0 = Debug|Any CPU
		{9CC1A6F1-F12A-4465-B38D-B9C50A3B6AF4}.Debug|x64.ActiveCfg = Debug|Any CPU
		{9CC1A6F1-F12A-4465-B38D-B9C50A3B6AF4}.Debug|x64.Build.0 = Debug|Any CPU
		{9CC1A6F1-F12A-4465-B38D-B9C50A3B6AF4}.Debug|x86.ActiveCfg = Debug|Any CPU
		{9CC1A6F1-F12A-4465-B38D-B9C50A3B6AF4}.Debug|x86.Build.0 = Debug|Any CPU
		{9CC1A6F1-F12A-4465-B38D-B9C50A3B6AF4}.Release|Any CPU.ActiveCfg = Release|Any CPU
		{9CC1A6F1-F12A-4465-B38D-B9C50A3B6AF4}.Release|Any CPU.Build.0 = Release|Any CPU
		{9CC1A6F1-F12A-4465-B38D-B9C50A3B6AF4}.Release|x64.ActiveCfg = Release|Any CPU
		{9CC1A6F1-F12A-4465-B38D-B9C50A3B6AF4}.Release|x64.Build.0 = Release|Any CPU
		{9CC1A6F1-F12A-4465-B38D-B9C50A3B6AF4}.Release|x86.ActiveCfg = Release|Any CPU
		{9CC1A6F1-F12A-4465-B38D-B9C50A3B6AF4}.Release|x86.Build.0 = Release|Any CPU
		{C1869660-F5F8-484F-9B7D-6CBE342037E4}.Debug|Any CPU.ActiveCfg = Debug|Any CPU
		{C1869660-F5F8-484F-9B7D-6CBE342037E4}.Debug|Any CPU.Build.0 = Debug|Any CPU
		{C1869660-F5F8-484F-9B7D-6CBE342037E4}.Debug|x64.ActiveCfg = Debug|Any CPU
		{C1869660-F5F8-484F-9B7D-6CBE342037E4}.Debug|x64.Build.0 = Debug|Any CPU
		{C1869660-F5F8-484F-9B7D-6CBE342037E4}.Debug|x86.ActiveCfg = Debug|Any CPU
		{C1869660-F5F8-484F-9B7D-6CBE342037E4}.Debug|x86.Build.0 = Debug|Any CPU
		{C1869660-F5F8-484F-9B7D-6CBE342037E4}.Release|Any CPU.ActiveCfg = Release|Any CPU
		{C1869660-F5F8-484F-9B7D-6CBE342037E4}.Release|Any CPU.Build.0 = Release|Any CPU
		{C1869660-F5F8-484F-9B7D-6CBE342037E4}.Release|x64.ActiveCfg = Release|Any CPU
		{C1869660-F5F8-484F-9B7D-6CBE342037E4}.Release|x64.Build.0 = Release|Any CPU
		{C1869660-F5F8-484F-9B7D-6CBE342037E4}.Release|x86.ActiveCfg = Release|Any CPU
		{C1869660-F5F8-484F-9B7D-6CBE342037E4}.Release|x86.Build.0 = Release|Any CPU
		{2B3B022F-2DA5-408B-AF22-54D0C0EC7DC6}.Debug|Any CPU.ActiveCfg = Debug|Any CPU
		{2B3B022F-2DA5-408B-AF22-54D0C0EC7DC6}.Debug|Any CPU.Build.0 = Debug|Any CPU
		{2B3B022F-2DA5-408B-AF22-54D0C0EC7DC6}.Debug|x64.ActiveCfg = Debug|Any CPU
		{2B3B022F-2DA5-408B-AF22-54D0C0EC7DC6}.Debug|x64.Build.0 = Debug|Any CPU
		{2B3B022F-2DA5-408B-AF22-54D0C0EC7DC6}.Debug|x86.ActiveCfg = Debug|Any CPU
		{2B3B022F-2DA5-408B-AF22-54D0C0EC7DC6}.Debug|x86.Build.0 = Debug|Any CPU
		{2B3B022F-2DA5-408B-AF22-54D0C0EC7DC6}.Release|Any CPU.ActiveCfg = Release|Any CPU
		{2B3B022F-2DA5-408B-AF22-54D0C0EC7DC6}.Release|Any CPU.Build.0 = Release|Any CPU
		{2B3B022F-2DA5-408B-AF22-54D0C0EC7DC6}.Release|x64.ActiveCfg = Release|Any CPU
		{2B3B022F-2DA5-408B-AF22-54D0C0EC7DC6}.Release|x64.Build.0 = Release|Any CPU
		{2B3B022F-2DA5-408B-AF22-54D0C0EC7DC6}.Release|x86.ActiveCfg = Release|Any CPU
		{2B3B022F-2DA5-408B-AF22-54D0C0EC7DC6}.Release|x86.Build.0 = Release|Any CPU
		{CB795418-F6BD-4BEF-BCDD-A48561EB220E}.Debug|Any CPU.ActiveCfg = Debug|Any CPU
		{CB795418-F6BD-4BEF-BCDD-A48561EB220E}.Debug|Any CPU.Build.0 = Debug|Any CPU
		{CB795418-F6BD-4BEF-BCDD-A48561EB220E}.Debug|x64.ActiveCfg = Debug|Any CPU
		{CB795418-F6BD-4BEF-BCDD-A48561EB220E}.Debug|x64.Build.0 = Debug|Any CPU
		{CB795418-F6BD-4BEF-BCDD-A48561EB220E}.Debug|x86.ActiveCfg = Debug|Any CPU
		{CB795418-F6BD-4BEF-BCDD-A48561EB220E}.Debug|x86.Build.0 = Debug|Any CPU
		{CB795418-F6BD-4BEF-BCDD-A48561EB220E}.Release|Any CPU.ActiveCfg = Release|Any CPU
		{CB795418-F6BD-4BEF-BCDD-A48561EB220E}.Release|Any CPU.Build.0 = Release|Any CPU
		{CB795418-F6BD-4BEF-BCDD-A48561EB220E}.Release|x64.ActiveCfg = Release|Any CPU
		{CB795418-F6BD-4BEF-BCDD-A48561EB220E}.Release|x64.Build.0 = Release|Any CPU
		{CB795418-F6BD-4BEF-BCDD-A48561EB220E}.Release|x86.ActiveCfg = Release|Any CPU
		{CB795418-F6BD-4BEF-BCDD-A48561EB220E}.Release|x86.Build.0 = Release|Any CPU
		{EBA57B1C-21F7-4397-869D-194803431504}.Debug|Any CPU.ActiveCfg = Debug|Any CPU
		{EBA57B1C-21F7-4397-869D-194803431504}.Debug|Any CPU.Build.0 = Debug|Any CPU
		{EBA57B1C-21F7-4397-869D-194803431504}.Debug|x64.ActiveCfg = Debug|Any CPU
		{EBA57B1C-21F7-4397-869D-194803431504}.Debug|x64.Build.0 = Debug|Any CPU
		{EBA57B1C-21F7-4397-869D-194803431504}.Debug|x86.ActiveCfg = Debug|Any CPU
		{EBA57B1C-21F7-4397-869D-194803431504}.Debug|x86.Build.0 = Debug|Any CPU
		{EBA57B1C-21F7-4397-869D-194803431504}.Release|Any CPU.ActiveCfg = Release|Any CPU
		{EBA57B1C-21F7-4397-869D-194803431504}.Release|Any CPU.Build.0 = Release|Any CPU
		{EBA57B1C-21F7-4397-869D-194803431504}.Release|x64.ActiveCfg = Release|Any CPU
		{EBA57B1C-21F7-4397-869D-194803431504}.Release|x64.Build.0 = Release|Any CPU
		{EBA57B1C-21F7-4397-869D-194803431504}.Release|x86.ActiveCfg = Release|Any CPU
		{EBA57B1C-21F7-4397-869D-194803431504}.Release|x86.Build.0 = Release|Any CPU
		{2877BD23-7974-47AB-934D-94503DE44DA4}.Debug|Any CPU.ActiveCfg = Debug|Any CPU
		{2877BD23-7974-47AB-934D-94503DE44DA4}.Debug|Any CPU.Build.0 = Debug|Any CPU
		{2877BD23-7974-47AB-934D-94503DE44DA4}.Debug|x64.ActiveCfg = Debug|Any CPU
		{2877BD23-7974-47AB-934D-94503DE44DA4}.Debug|x64.Build.0 = Debug|Any CPU
		{2877BD23-7974-47AB-934D-94503DE44DA4}.Debug|x86.ActiveCfg = Debug|Any CPU
		{2877BD23-7974-47AB-934D-94503DE44DA4}.Debug|x86.Build.0 = Debug|Any CPU
		{2877BD23-7974-47AB-934D-94503DE44DA4}.Release|Any CPU.ActiveCfg = Release|Any CPU
		{2877BD23-7974-47AB-934D-94503DE44DA4}.Release|Any CPU.Build.0 = Release|Any CPU
		{2877BD23-7974-47AB-934D-94503DE44DA4}.Release|x64.ActiveCfg = Release|Any CPU
		{2877BD23-7974-47AB-934D-94503DE44DA4}.Release|x64.Build.0 = Release|Any CPU
		{2877BD23-7974-47AB-934D-94503DE44DA4}.Release|x86.ActiveCfg = Release|Any CPU
		{2877BD23-7974-47AB-934D-94503DE44DA4}.Release|x86.Build.0 = Release|Any CPU
		{A92BCA77-7400-4706-A163-050C82424480}.Debug|Any CPU.ActiveCfg = Debug|Any CPU
		{A92BCA77-7400-4706-A163-050C82424480}.Debug|Any CPU.Build.0 = Debug|Any CPU
		{A92BCA77-7400-4706-A163-050C82424480}.Debug|x64.ActiveCfg = Debug|Any CPU
		{A92BCA77-7400-4706-A163-050C82424480}.Debug|x64.Build.0 = Debug|Any CPU
		{A92BCA77-7400-4706-A163-050C82424480}.Debug|x86.ActiveCfg = Debug|Any CPU
		{A92BCA77-7400-4706-A163-050C82424480}.Debug|x86.Build.0 = Debug|Any CPU
		{A92BCA77-7400-4706-A163-050C82424480}.Release|Any CPU.ActiveCfg = Release|Any CPU
		{A92BCA77-7400-4706-A163-050C82424480}.Release|Any CPU.Build.0 = Release|Any CPU
		{A92BCA77-7400-4706-A163-050C82424480}.Release|x64.ActiveCfg = Release|Any CPU
		{A92BCA77-7400-4706-A163-050C82424480}.Release|x64.Build.0 = Release|Any CPU
		{A92BCA77-7400-4706-A163-050C82424480}.Release|x86.ActiveCfg = Release|Any CPU
		{A92BCA77-7400-4706-A163-050C82424480}.Release|x86.Build.0 = Release|Any CPU
	EndGlobalSection
	GlobalSection(SolutionProperties) = preSolution
		HideSolutionNode = FALSE
	EndGlobalSection
	GlobalSection(NestedProjects) = preSolution
		{567E9D55-FA87-44B4-B42F-FB5C4C886D58} = {827E0CD3-B72D-47B6-A68D-7590B98EB39B}
		{99D25F77-62AB-41E5-9CF4-4931BC83A6C4} = {827E0CD3-B72D-47B6-A68D-7590B98EB39B}
		{352AC8C3-12A1-4C34-9488-56335ECD6C39} = {827E0CD3-B72D-47B6-A68D-7590B98EB39B}
		{CEED3019-96AC-4DF4-903D-5B17CD13A379} = {827E0CD3-B72D-47B6-A68D-7590B98EB39B}
		{F2F1850E-75E4-433E-8824-4A4686150367} = {827E0CD3-B72D-47B6-A68D-7590B98EB39B}
		{C3E6B2F4-5944-4635-AF96-EDA49BB4BA6C} = {827E0CD3-B72D-47B6-A68D-7590B98EB39B}
		{9CC1A6F1-F12A-4465-B38D-B9C50A3B6AF4} = {827E0CD3-B72D-47B6-A68D-7590B98EB39B}
		{C1869660-F5F8-484F-9B7D-6CBE342037E4} = {0AB3BF05-4346-4AA6-1389-037BE0695223}
		{2B3B022F-2DA5-408B-AF22-54D0C0EC7DC6} = {0AB3BF05-4346-4AA6-1389-037BE0695223}
		{CB795418-F6BD-4BEF-BCDD-A48561EB220E} = {827E0CD3-B72D-47B6-A68D-7590B98EB39B}
		{EBA57B1C-21F7-4397-869D-194803431504} = {0AB3BF05-4346-4AA6-1389-037BE0695223}
		{2877BD23-7974-47AB-934D-94503DE44DA4} = {827E0CD3-B72D-47B6-A68D-7590B98EB39B}
		{A92BCA77-7400-4706-A163-050C82424480} = {0AB3BF05-4346-4AA6-1389-037BE0695223}
	EndGlobalSection
EndGlobal
